
Microsoft Visual Studio Solution File, Format Version 12.00
# Visual Studio Version 17
VisualStudioVersion = 17.14.36221.1 d17.14
MinimumVisualStudioVersion = 10.0.40219.1
Project("{FAE04EC0-301F-11D3-BF4B-00C04F79EFBC}") = "PruebaMyper", "PruebaMyper\PruebaMyper.csproj", "{38F2B132-D7D4-4B14-AD4D-A6DB8F981E23}"
EndProject
Global
	GlobalSection(SolutionConfigurationPlatforms) = preSolution
		Debug|Any CPU = Debug|Any CPU
		Release|Any CPU = Release|Any CPU
	EndGlobalSection
	GlobalSection(ProjectConfigurationPlatforms) = postSolution
		{38F2B132-D7D4-4B14-AD4D-A6DB8F981E23}.Debug|Any CPU.ActiveCfg = Debug|Any CPU
		{38F2B132-D7D4-4B14-AD4D-A6DB8F981E23}.Debug|Any CPU.Build.0 = Debug|Any CPU
		{38F2B132-D7D4-4B14-AD4D-A6DB8F981E23}.Release|Any CPU.ActiveCfg = Release|Any CPU
		{38F2B132-D7D4-4B14-AD4D-A6DB8F981E23}.Release|Any CPU.Build.0 = Release|Any CPU
	EndGlobalSection
	GlobalSection(SolutionProperties) = preSolution
		HideSolutionNode = FALSE
	EndGlobalSection
	GlobalSection(ExtensibilityGlobals) = postSolution
		SolutionGuid = {D9AA4383-2D79-4662-BC88-05C00B8465A8}
	EndGlobalSection
EndGlobal
